
Microsoft Visual Studio Solution File, Format Version 12.00
# Visual Studio Version 17
VisualStudioVersion = 17.4.33205.214
MinimumVisualStudioVersion = 10.0.40219.1
Project("{9A19103F-16F7-4668-BE54-9A1E7A4F7556}") = "OFOS", "OFOS\OFOS.csproj", "{F9753E2A-CB3B-4DAA-8A3C-3558E8A19CA9}"
EndProject
Project("{E53339B2-1760-4266-BCC7-CA923CBCF16C}") = "docker-compose", "docker-compose.dcproj", "{9DAA7138-675A-4CEA-8B78-9FF11A534C9E}"
EndProject
Project("{2150E333-8FDC-42A3-9474-1A3956D46DE8}") = "Solution Items", "Solution Items", "{461C7603-D834-43F8-A40F-EB3DE6F72947}"
	ProjectSection(SolutionItems) = preProject
		nginx.conf = nginx.conf
	EndProjectSection
EndProject
Project("{9A19103F-16F7-4668-BE54-9A1E7A4F7556}") = "RestaurantService", "RestaurantService\RestaurantService.csproj", "{36D41699-E7BA-4E44-8B7A-6CA705FA6A4C}"
EndProject
Project("{9A19103F-16F7-4668-BE54-9A1E7A4F7556}") = "UserService", "UserService\UserService.csproj", "{039D95EB-3143-48DA-956D-CCF3C3A5ACBF}"
EndProject
Project("{9A19103F-16F7-4668-BE54-9A1E7A4F7556}") = "OrderService", "OrderService\OrderService.csproj", "{F8D53587-1AD1-4CB7-A855-21988B940C2D}"
EndProject
Project("{9A19103F-16F7-4668-BE54-9A1E7A4F7556}") = "PaymentService", "PaymentService\PaymentService.csproj", "{F360FE8D-B9F0-446B-8E6D-4BAE1F9413F2}"
EndProject
Project("{9A19103F-16F7-4668-BE54-9A1E7A4F7556}") = "NotificationService", "NotificationService\NotificationService.csproj", "{7EFE47B1-B0D1-4FE5-8BDA-0D3E4A4ED411}"
EndProject
Project("{2150E333-8FDC-42A3-9474-1A3956D46DE8}") = "Kubernetes", "Kubernetes", "{78CDD102-468C-4AE1-8745-0B13E51C7C20}"
	ProjectSection(SolutionItems) = preProject
		api-gateway-deployment.yml = api-gateway-deployment.yml
		nginx-config.yml = nginx-config.yml
		notification-service-deployment.yml = notification-service-deployment.yml
		order-service-deployment.yml = order-service-deployment.yml
		payment-service-deployment.yml = payment-service-deployment.yml
		restaurant-service-deployment.yml = restaurant-service-deployment.yml
		user-service-deployment.yml = user-service-deployment.yml
	EndProjectSection
EndProject
Project("{9A19103F-16F7-4668-BE54-9A1E7A4F7556}") = "UserService.Data", "UserService.Data\UserService.Data.csproj", "{E7A9932A-04DA-45F0-B807-7A21AA3325B1}"
EndProject
Project("{9A19103F-16F7-4668-BE54-9A1E7A4F7556}") = "UserService.Core", "UserService.Core\UserService.Core.csproj", "{50756D95-7592-4877-BD4F-08D8BBB209FD}"
EndProject
Project("{9A19103F-16F7-4668-BE54-9A1E7A4F7556}") = "RestaurantService.Data", "RestaurantService.Data\RestaurantService.Data.csproj", "{6AA13167-0D28-401F-9EB9-CEB75C6E6C46}"
EndProject
Project("{9A19103F-16F7-4668-BE54-9A1E7A4F7556}") = "RestaurantService.Core", "RestaurantService.Core\RestaurantService.Core.csproj", "{EBAA9C69-75CA-4FEB-9523-10983976D861}"
EndProject
Project("{9A19103F-16F7-4668-BE54-9A1E7A4F7556}") = "PaymentService.Data", "PaymentService.Data\PaymentService.Data.csproj", "{634F365D-6116-4F8A-A885-5095D9A17AE0}"
EndProject
Project("{9A19103F-16F7-4668-BE54-9A1E7A4F7556}") = "PaymentService.Core", "PaymentService.Core\PaymentService.Core.csproj", "{C46BAABF-CC30-42E4-B6D9-15133020C770}"
EndProject
Project("{9A19103F-16F7-4668-BE54-9A1E7A4F7556}") = "OrderService.Test", "OrderService.Test\OrderService.Test.csproj", "{D5857075-E16B-4A0D-8518-F7DF5069F9AB}"
EndProject
Project("{9A19103F-16F7-4668-BE54-9A1E7A4F7556}") = "OrderService.Core", "OrderService.Logic\OrderService.Core.csproj", "{EC6AE2B7-9269-410B-B10A-37F0697B190B}"
EndProject
Project("{9A19103F-16F7-4668-BE54-9A1E7A4F7556}") = "OrderService.Data", "OrderService.Data\OrderService.Data.csproj", "{3374F638-7637-405F-BEA9-079CC7277A4F}"
EndProject
Project("{9A19103F-16F7-4668-BE54-9A1E7A4F7556}") = "NotificationService.Data", "NotificationService.Data\NotificationService.Data.csproj", "{5ED49328-B5C0-45B3-82B3-08502C943184}"
EndProject
Project("{9A19103F-16F7-4668-BE54-9A1E7A4F7556}") = "NotificationService.Core", "NotificationService.Core\NotificationService.Core.csproj", "{4255D915-F643-4CE1-805C-BE8E05213D41}"
EndProject
Project("{FAE04EC0-301F-11D3-BF4B-00C04F79EFBC}") = "OFOS.Domain", "OFOS.Domain\OFOS.Domain.csproj", "{4B58F788-2DD2-43A9-A1F2-A1EC2B722E8F}"
EndProject
Global
	GlobalSection(SolutionConfigurationPlatforms) = preSolution
		Debug|Any CPU = Debug|Any CPU
		Release|Any CPU = Release|Any CPU
	EndGlobalSection
	GlobalSection(ProjectConfigurationPlatforms) = postSolution
		{F9753E2A-CB3B-4DAA-8A3C-3558E8A19CA9}.Debug|Any CPU.ActiveCfg = Debug|Any CPU
		{F9753E2A-CB3B-4DAA-8A3C-3558E8A19CA9}.Debug|Any CPU.Build.0 = Debug|Any CPU
		{F9753E2A-CB3B-4DAA-8A3C-3558E8A19CA9}.Release|Any CPU.ActiveCfg = Release|Any CPU
		{F9753E2A-CB3B-4DAA-8A3C-3558E8A19CA9}.Release|Any CPU.Build.0 = Release|Any CPU
		{9DAA7138-675A-4CEA-8B78-9FF11A534C9E}.Debug|Any CPU.ActiveCfg = Debug|Any CPU
		{9DAA7138-675A-4CEA-8B78-9FF11A534C9E}.Debug|Any CPU.Build.0 = Debug|Any CPU
		{9DAA7138-675A-4CEA-8B78-9FF11A534C9E}.Release|Any CPU.ActiveCfg = Release|Any CPU
		{9DAA7138-675A-4CEA-8B78-9FF11A534C9E}.Release|Any CPU.Build.0 = Release|Any CPU
		{36D41699-E7BA-4E44-8B7A-6CA705FA6A4C}.Debug|Any CPU.ActiveCfg = Debug|Any CPU
		{36D41699-E7BA-4E44-8B7A-6CA705FA6A4C}.Debug|Any CPU.Build.0 = Debug|Any CPU
		{36D41699-E7BA-4E44-8B7A-6CA705FA6A4C}.Release|Any CPU.ActiveCfg = Release|Any CPU
		{36D41699-E7BA-4E44-8B7A-6CA705FA6A4C}.Release|Any CPU.Build.0 = Release|Any CPU
		{039D95EB-3143-48DA-956D-CCF3C3A5ACBF}.Debug|Any CPU.ActiveCfg = Debug|Any CPU
		{039D95EB-3143-48DA-956D-CCF3C3A5ACBF}.Debug|Any CPU.Build.0 = Debug|Any CPU
		{039D95EB-3143-48DA-956D-CCF3C3A5ACBF}.Release|Any CPU.ActiveCfg = Release|Any CPU
		{039D95EB-3143-48DA-956D-CCF3C3A5ACBF}.Release|Any CPU.Build.0 = Release|Any CPU
		{F8D53587-1AD1-4CB7-A855-21988B940C2D}.Debug|Any CPU.ActiveCfg = Debug|Any CPU
		{F8D53587-1AD1-4CB7-A855-21988B940C2D}.Debug|Any CPU.Build.0 = Debug|Any CPU
		{F8D53587-1AD1-4CB7-A855-21988B940C2D}.Release|Any CPU.ActiveCfg = Release|Any CPU
		{F8D53587-1AD1-4CB7-A855-21988B940C2D}.Release|Any CPU.Build.0 = Release|Any CPU
		{F360FE8D-B9F0-446B-8E6D-4BAE1F9413F2}.Debug|Any CPU.ActiveCfg = Debug|Any CPU
		{F360FE8D-B9F0-446B-8E6D-4BAE1F9413F2}.Debug|Any CPU.Build.0 = Debug|Any CPU
		{F360FE8D-B9F0-446B-8E6D-4BAE1F9413F2}.Release|Any CPU.ActiveCfg = Release|Any CPU
		{F360FE8D-B9F0-446B-8E6D-4BAE1F9413F2}.Release|Any CPU.Build.0 = Release|Any CPU
		{7EFE47B1-B0D1-4FE5-8BDA-0D3E4A4ED411}.Debug|Any CPU.ActiveCfg = Debug|Any CPU
		{7EFE47B1-B0D1-4FE5-8BDA-0D3E4A4ED411}.Debug|Any CPU.Build.0 = Debug|Any CPU
		{7EFE47B1-B0D1-4FE5-8BDA-0D3E4A4ED411}.Release|Any CPU.ActiveCfg = Release|Any CPU
		{7EFE47B1-B0D1-4FE5-8BDA-0D3E4A4ED411}.Release|Any CPU.Build.0 = Release|Any CPU
		{E7A9932A-04DA-45F0-B807-7A21AA3325B1}.Debug|Any CPU.ActiveCfg = Debug|Any CPU
		{E7A9932A-04DA-45F0-B807-7A21AA3325B1}.Debug|Any CPU.Build.0 = Debug|Any CPU
		{E7A9932A-04DA-45F0-B807-7A21AA3325B1}.Release|Any CPU.ActiveCfg = Release|Any CPU
		{E7A9932A-04DA-45F0-B807-7A21AA3325B1}.Release|Any CPU.Build.0 = Release|Any CPU
		{50756D95-7592-4877-BD4F-08D8BBB209FD}.Debug|Any CPU.ActiveCfg = Debug|Any CPU
		{50756D95-7592-4877-BD4F-08D8BBB209FD}.Debug|Any CPU.Build.0 = Debug|Any CPU
		{50756D95-7592-4877-BD4F-08D8BBB209FD}.Release|Any CPU.ActiveCfg = Release|Any CPU
		{50756D95-7592-4877-BD4F-08D8BBB209FD}.Release|Any CPU.Build.0 = Release|Any CPU
		{6AA13167-0D28-401F-9EB9-CEB75C6E6C46}.Debug|Any CPU.ActiveCfg = Debug|Any CPU
		{6AA13167-0D28-401F-9EB9-CEB75C6E6C46}.Debug|Any CPU.Build.0 = Debug|Any CPU
		{6AA13167-0D28-401F-9EB9-CEB75C6E6C46}.Release|Any CPU.ActiveCfg = Release|Any CPU
		{6AA13167-0D28-401F-9EB9-CEB75C6E6C46}.Release|Any CPU.Build.0 = Release|Any CPU
		{EBAA9C69-75CA-4FEB-9523-10983976D861}.Debug|Any CPU.ActiveCfg = Debug|Any CPU
		{EBAA9C69-75CA-4FEB-9523-10983976D861}.Debug|Any CPU.Build.0 = Debug|Any CPU
		{EBAA9C69-75CA-4FEB-9523-10983976D861}.Release|Any CPU.ActiveCfg = Release|Any CPU
		{EBAA9C69-75CA-4FEB-9523-10983976D861}.Release|Any CPU.Build.0 = Release|Any CPU
		{634F365D-6116-4F8A-A885-5095D9A17AE0}.Debug|Any CPU.ActiveCfg = Debug|Any CPU
		{634F365D-6116-4F8A-A885-5095D9A17AE0}.Debug|Any CPU.Build.0 = Debug|Any CPU
		{634F365D-6116-4F8A-A885-5095D9A17AE0}.Release|Any CPU.ActiveCfg = Release|Any CPU
		{634F365D-6116-4F8A-A885-5095D9A17AE0}.Release|Any CPU.Build.0 = Release|Any CPU
		{C46BAABF-CC30-42E4-B6D9-15133020C770}.Debug|Any CPU.ActiveCfg = Debug|Any CPU
		{C46BAABF-CC30-42E4-B6D9-15133020C770}.Debug|Any CPU.Build.0 = Debug|Any CPU
		{C46BAABF-CC30-42E4-B6D9-15133020C770}.Release|Any CPU.ActiveCfg = Release|Any CPU
		{C46BAABF-CC30-42E4-B6D9-15133020C770}.Release|Any CPU.Build.0 = Release|Any CPU
		{D5857075-E16B-4A0D-8518-F7DF5069F9AB}.Debug|Any CPU.ActiveCfg = Debug|Any CPU
		{D5857075-E16B-4A0D-8518-F7DF5069F9AB}.Debug|Any CPU.Build.0 = Debug|Any CPU
		{D5857075-E16B-4A0D-8518-F7DF5069F9AB}.Release|Any CPU.ActiveCfg = Release|Any CPU
		{D5857075-E16B-4A0D-8518-F7DF5069F9AB}.Release|Any CPU.Build.0 = Release|Any CPU
		{EC6AE2B7-9269-410B-B10A-37F0697B190B}.Debug|Any CPU.ActiveCfg = Debug|Any CPU
		{EC6AE2B7-9269-410B-B10A-37F0697B190B}.Debug|Any CPU.Build.0 = Debug|Any CPU
		{EC6AE2B7-9269-410B-B10A-37F0697B190B}.Release|Any CPU.ActiveCfg = Release|Any CPU
		{EC6AE2B7-9269-410B-B10A-37F0697B190B}.Release|Any CPU.Build.0 = Release|Any CPU
		{3374F638-7637-405F-BEA9-079CC7277A4F}.Debug|Any CPU.ActiveCfg = Debug|Any CPU
		{3374F638-7637-405F-BEA9-079CC7277A4F}.Debug|Any CPU.Build.0 = Debug|Any CPU
		{3374F638-7637-405F-BEA9-079CC7277A4F}.Release|Any CPU.ActiveCfg = Release|Any CPU
		{3374F638-7637-405F-BEA9-079CC7277A4F}.Release|Any CPU.Build.0 = Release|Any CPU
		{5ED49328-B5C0-45B3-82B3-08502C943184}.Debug|Any CPU.ActiveCfg = Debug|Any CPU
		{5ED49328-B5C0-45B3-82B3-08502C943184}.Debug|Any CPU.Build.0 = Debug|Any CPU
		{5ED49328-B5C0-45B3-82B3-08502C943184}.Release|Any CPU.ActiveCfg = Release|Any CPU
		{5ED49328-B5C0-45B3-82B3-08502C943184}.Release|Any CPU.Build.0 = Release|Any CPU
		{4255D915-F643-4CE1-805C-BE8E05213D41}.Debug|Any CPU.ActiveCfg = Debug|Any CPU
		{4255D915-F643-4CE1-805C-BE8E05213D41}.Debug|Any CPU.Build.0 = Debug|Any CPU
		{4255D915-F643-4CE1-805C-BE8E05213D41}.Release|Any CPU.ActiveCfg = Release|Any CPU
		{4255D915-F643-4CE1-805C-BE8E05213D41}.Release|Any CPU.Build.0 = Release|Any CPU
		{4B58F788-2DD2-43A9-A1F2-A1EC2B722E8F}.Debug|Any CPU.ActiveCfg = Debug|Any CPU
		{4B58F788-2DD2-43A9-A1F2-A1EC2B722E8F}.Debug|Any CPU.Build.0 = Debug|Any CPU
		{4B58F788-2DD2-43A9-A1F2-A1EC2B722E8F}.Release|Any CPU.ActiveCfg = Release|Any CPU
		{4B58F788-2DD2-43A9-A1F2-A1EC2B722E8F}.Release|Any CPU.Build.0 = Release|Any CPU
	EndGlobalSection
	GlobalSection(SolutionProperties) = preSolution
		HideSolutionNode = FALSE
	EndGlobalSection
	GlobalSection(NestedProjects) = preSolution
		{78CDD102-468C-4AE1-8745-0B13E51C7C20} = {461C7603-D834-43F8-A40F-EB3DE6F72947}
	EndGlobalSection
	GlobalSection(ExtensibilityGlobals) = postSolution
		SolutionGuid = {B4837CE1-8FDD-40D6-8B2D-7223271DDD3C}
	EndGlobalSection
EndGlobal
