
Microsoft Visual Studio Solution File, Format Version 12.00
# Visual Studio Version 17
VisualStudioVersion = 17.4.33205.214
MinimumVisualStudioVersion = 10.0.40219.1
Project("{FAE04EC0-301F-11D3-BF4B-00C04F79EFBC}") = "OFOS", "OFOS\OFOS.csproj", "{F9753E2A-CB3B-4DAA-8A3C-3558E8A19CA9}"
EndProject
Project("{E53339B2-1760-4266-BCC7-CA923CBCF16C}") = "docker-compose", "docker-compose.dcproj", "{9DAA7138-675A-4CEA-8B78-9FF11A534C9E}"
EndProject
Project("{2150E333-8FDC-42A3-9474-1A3956D46DE8}") = "Solution Items", "Solution Items", "{461C7603-D834-43F8-A40F-EB3DE6F72947}"
	ProjectSection(SolutionItems) = preProject
		nginx.conf = nginx.conf
	EndProjectSection
EndProject
Project("{FAE04EC0-301F-11D3-BF4B-00C04F79EFBC}") = "RestaurantService", "RestaurantService\RestaurantService.csproj", "{36D41699-E7BA-4E44-8B7A-6CA705FA6A4C}"
EndProject
Project("{FAE04EC0-301F-11D3-BF4B-00C04F79EFBC}") = "UserService", "UserService\UserService.csproj", "{039D95EB-3143-48DA-956D-CCF3C3A5ACBF}"
EndProject
Project("{FAE04EC0-301F-11D3-BF4B-00C04F79EFBC}") = "OrderService", "OrderService\OrderService.csproj", "{F8D53587-1AD1-4CB7-A855-21988B940C2D}"
EndProject
Project("{FAE04EC0-301F-11D3-BF4B-00C04F79EFBC}") = "PaymentService", "PaymentService\PaymentService.csproj", "{F360FE8D-B9F0-446B-8E6D-4BAE1F9413F2}"
EndProject
Project("{FAE04EC0-301F-11D3-BF4B-00C04F79EFBC}") = "NotificationService", "NotificationService\NotificationService.csproj", "{7EFE47B1-B0D1-4FE5-8BDA-0D3E4A4ED411}"
EndProject
Global
	GlobalSection(SolutionConfigurationPlatforms) = preSolution
		Debug|Any CPU = Debug|Any CPU
		Release|Any CPU = Release|Any CPU
	EndGlobalSection
	GlobalSection(ProjectConfigurationPlatforms) = postSolution
		{F9753E2A-CB3B-4DAA-8A3C-3558E8A19CA9}.Debug|Any CPU.ActiveCfg = Debug|Any CPU
		{F9753E2A-CB3B-4DAA-8A3C-3558E8A19CA9}.Debug|Any CPU.Build.0 = Debug|Any CPU
		{F9753E2A-CB3B-4DAA-8A3C-3558E8A19CA9}.Release|Any CPU.ActiveCfg = Release|Any CPU
		{F9753E2A-CB3B-4DAA-8A3C-3558E8A19CA9}.Release|Any CPU.Build.0 = Release|Any CPU
		{9DAA7138-675A-4CEA-8B78-9FF11A534C9E}.Debug|Any CPU.ActiveCfg = Debug|Any CPU
		{9DAA7138-675A-4CEA-8B78-9FF11A534C9E}.Debug|Any CPU.Build.0 = Debug|Any CPU
		{9DAA7138-675A-4CEA-8B78-9FF11A534C9E}.Release|Any CPU.ActiveCfg = Release|Any CPU
		{9DAA7138-675A-4CEA-8B78-9FF11A534C9E}.Release|Any CPU.Build.0 = Release|Any CPU
		{36D41699-E7BA-4E44-8B7A-6CA705FA6A4C}.Debug|Any CPU.ActiveCfg = Debug|Any CPU
		{36D41699-E7BA-4E44-8B7A-6CA705FA6A4C}.Debug|Any CPU.Build.0 = Debug|Any CPU
		{36D41699-E7BA-4E44-8B7A-6CA705FA6A4C}.Release|Any CPU.ActiveCfg = Release|Any CPU
		{36D41699-E7BA-4E44-8B7A-6CA705FA6A4C}.Release|Any CPU.Build.0 = Release|Any CPU
		{039D95EB-3143-48DA-956D-CCF3C3A5ACBF}.Debug|Any CPU.ActiveCfg = Debug|Any CPU
		{039D95EB-3143-48DA-956D-CCF3C3A5ACBF}.Debug|Any CPU.Build.0 = Debug|Any CPU
		{039D95EB-3143-48DA-956D-CCF3C3A5ACBF}.Release|Any CPU.ActiveCfg = Release|Any CPU
		{039D95EB-3143-48DA-956D-CCF3C3A5ACBF}.Release|Any CPU.Build.0 = Release|Any CPU
		{F8D53587-1AD1-4CB7-A855-21988B940C2D}.Debug|Any CPU.ActiveCfg = Debug|Any CPU
		{F8D53587-1AD1-4CB7-A855-21988B940C2D}.Debug|Any CPU.Build.0 = Debug|Any CPU
		{F8D53587-1AD1-4CB7-A855-21988B940C2D}.Release|Any CPU.ActiveCfg = Release|Any CPU
		{F8D53587-1AD1-4CB7-A855-21988B940C2D}.Release|Any CPU.Build.0 = Release|Any CPU
		{F360FE8D-B9F0-446B-8E6D-4BAE1F9413F2}.Debug|Any CPU.ActiveCfg = Debug|Any CPU
		{F360FE8D-B9F0-446B-8E6D-4BAE1F9413F2}.Debug|Any CPU.Build.0 = Debug|Any CPU
		{F360FE8D-B9F0-446B-8E6D-4BAE1F9413F2}.Release|Any CPU.ActiveCfg = Release|Any CPU
		{F360FE8D-B9F0-446B-8E6D-4BAE1F9413F2}.Release|Any CPU.Build.0 = Release|Any CPU
		{7EFE47B1-B0D1-4FE5-8BDA-0D3E4A4ED411}.Debug|Any CPU.ActiveCfg = Debug|Any CPU
		{7EFE47B1-B0D1-4FE5-8BDA-0D3E4A4ED411}.Debug|Any CPU.Build.0 = Debug|Any CPU
		{7EFE47B1-B0D1-4FE5-8BDA-0D3E4A4ED411}.Release|Any CPU.ActiveCfg = Release|Any CPU
		{7EFE47B1-B0D1-4FE5-8BDA-0D3E4A4ED411}.Release|Any CPU.Build.0 = Release|Any CPU
	EndGlobalSection
	GlobalSection(SolutionProperties) = preSolution
		HideSolutionNode = FALSE
	EndGlobalSection
	GlobalSection(ExtensibilityGlobals) = postSolution
		SolutionGuid = {B4837CE1-8FDD-40D6-8B2D-7223271DDD3C}
	EndGlobalSection
EndGlobal
